
Microsoft Visual Studio Solution File, Format Version 12.00
# Visual Studio Version 16
VisualStudioVersion = 16.0.30804.86
MinimumVisualStudioVersion = 10.0.40219.1
Project("{FAE04EC0-301F-11D3-BF4B-00C04F79EFBC}") = "EFCoreExample.WebApi", "EFCoreExample.WebApi\EFCoreExample.WebApi.csproj", "{3E63346C-04A7-4029-8DBE-728799F54443}"
EndProject
Project("{FAE04EC0-301F-11D3-BF4B-00C04F79EFBC}") = "EFCoreExample.DAL", "EFCoreExample.DAL\EFCoreExample.DAL.csproj", "{2FBA8D2B-78B9-42E0-A81D-82AB243D3368}"
EndProject
Global
	GlobalSection(SolutionConfigurationPlatforms) = preSolution
		Debug|Any CPU = Debug|Any CPU
		Release|Any CPU = Release|Any CPU
	EndGlobalSection
	GlobalSection(ProjectConfigurationPlatforms) = postSolution
		{3E63346C-04A7-4029-8DBE-728799F54443}.Debug|Any CPU.ActiveCfg = Debug|Any CPU
		{3E63346C-04A7-4029-8DBE-728799F54443}.Debug|Any CPU.Build.0 = Debug|Any CPU
		{3E63346C-04A7-4029-8DBE-728799F54443}.Release|Any CPU.ActiveCfg = Release|Any CPU
		{3E63346C-04A7-4029-8DBE-728799F54443}.Release|Any CPU.Build.0 = Release|Any CPU
		{2FBA8D2B-78B9-42E0-A81D-82AB243D3368}.Debug|Any CPU.ActiveCfg = Debug|Any CPU
		{2FBA8D2B-78B9-42E0-A81D-82AB243D3368}.Debug|Any CPU.Build.0 = Debug|Any CPU
		{2FBA8D2B-78B9-42E0-A81D-82AB243D3368}.Release|Any CPU.ActiveCfg = Release|Any CPU
		{2FBA8D2B-78B9-42E0-A81D-82AB243D3368}.Release|Any CPU.Build.0 = Release|Any CPU
	EndGlobalSection
	GlobalSection(SolutionProperties) = preSolution
		HideSolutionNode = FALSE
	EndGlobalSection
	GlobalSection(ExtensibilityGlobals) = postSolution
		SolutionGuid = {0A1D4769-5800-4E07-848A-AE68EC2CC29C}
	EndGlobalSection
EndGlobal
